
Microsoft Visual Studio Solution File, Format Version 12.00
# Visual Studio 15
VisualStudioVersion = 15.0.28010.2016
MinimumVisualStudioVersion = 10.0.40219.1
Project("{9A19103F-16F7-4668-BE54-9A1E7A4F7556}") = "MyFamily.Api", "myfamily\MyFamily.Api.csproj", "{86E7AD73-332F-4476-A4FD-FC2F9F8DF030}"
EndProject
Global
	GlobalSection(SolutionConfigurationPlatforms) = preSolution
		Debug|Any CPU = Debug|Any CPU
		Release|Any CPU = Release|Any CPU
	EndGlobalSection
	GlobalSection(ProjectConfigurationPlatforms) = postSolution
		{86E7AD73-332F-4476-A4FD-FC2F9F8DF030}.Debug|Any CPU.ActiveCfg = Debug|Any CPU
		{86E7AD73-332F-4476-A4FD-FC2F9F8DF030}.Debug|Any CPU.Build.0 = Debug|Any CPU
		{86E7AD73-332F-4476-A4FD-FC2F9F8DF030}.Release|Any CPU.ActiveCfg = Release|Any CPU
		{86E7AD73-332F-4476-A4FD-FC2F9F8DF030}.Release|Any CPU.Build.0 = Release|Any CPU
	EndGlobalSection
	GlobalSection(SolutionProperties) = preSolution
		HideSolutionNode = FALSE
	EndGlobalSection
	GlobalSection(ExtensibilityGlobals) = postSolution
		SolutionGuid = {AA3760E4-7DA7-4E1C-AAA2-95D6188E1095}
	EndGlobalSection
EndGlobal
